
Microsoft Visual Studio Solution File, Format Version 12.00
# Visual Studio Version 16
VisualStudioVersion = 16.0.30128.74
MinimumVisualStudioVersion = 10.0.40219.1
Project("{9092AA53-FB77-4645-B42D-1CCCA6BD08BD}") = "Sushantportfolio", "Sushantportfolio\Sushantportfolio.njsproj", "{AC407E02-0972-4838-846C-072C5EEB3B56}"
EndProject
Global
	GlobalSection(SolutionConfigurationPlatforms) = preSolution
		Debug|Any CPU = Debug|Any CPU
		Release|Any CPU = Release|Any CPU
	EndGlobalSection
	GlobalSection(ProjectConfigurationPlatforms) = postSolution
		{AC407E02-0972-4838-846C-072C5EEB3B56}.Debug|Any CPU.ActiveCfg = Debug|Any CPU
		{AC407E02-0972-4838-846C-072C5EEB3B56}.Debug|Any CPU.Build.0 = Debug|Any CPU
		{AC407E02-0972-4838-846C-072C5EEB3B56}.Release|Any CPU.ActiveCfg = Release|Any CPU
		{AC407E02-0972-4838-846C-072C5EEB3B56}.Release|Any CPU.Build.0 = Release|Any CPU
	EndGlobalSection
	GlobalSection(SolutionProperties) = preSolution
		HideSolutionNode = FALSE
	EndGlobalSection
	GlobalSection(ExtensibilityGlobals) = postSolution
		SolutionGuid = {176E3144-3699-43A7-A198-C8C65221E6AF}
	EndGlobalSection
EndGlobal
